
Microsoft Visual Studio Solution File, Format Version 11.00
# Visual Basic Express 2010
Project("{89ABE251-135A-4EFA-A9C5-0DBA31960C82}") = "RRPoi", "RRPoi\RRPoi.vbproj", "{920B1393-50CB-4F1D-9DCF-B68A7976D161}"
EndProject
Global
	GlobalSection(SolutionConfigurationPlatforms) = preSolution
		Debug|Any CPU = Debug|Any CPU
		Release|Any CPU = Release|Any CPU
	EndGlobalSection
	GlobalSection(ProjectConfigurationPlatforms) = postSolution
		{920B1393-50CB-4F1D-9DCF-B68A7976D161}.Debug|Any CPU.ActiveCfg = Debug|Any CPU
		{920B1393-50CB-4F1D-9DCF-B68A7976D161}.Debug|Any CPU.Build.0 = Debug|Any CPU
		{920B1393-50CB-4F1D-9DCF-B68A7976D161}.Release|Any CPU.ActiveCfg = Release|Any CPU
		{920B1393-50CB-4F1D-9DCF-B68A7976D161}.Release|Any CPU.Build.0 = Release|Any CPU
	EndGlobalSection
	GlobalSection(SolutionProperties) = preSolution
		HideSolutionNode = FALSE
	EndGlobalSection
EndGlobal
